
Microsoft Visual Studio Solution File, Format Version 12.00
# Visual Studio Version 16
VisualStudioVersion = 16.0.28803.202
MinimumVisualStudioVersion = 10.0.40219.1
Project("{FAE04EC0-301F-11D3-BF4B-00C04F79EFBC}") = "MS-LIMA-Windows", "MS-LIMA\MS-LIMA-Windows.csproj", "{D5CEF2D5-3B54-4EEB-BFE3-523F83FD32A6}"
EndProject
Project("{9A19103F-16F7-4668-BE54-9A1E7A4F7556}") = "Common", "Common\Common.csproj", "{6D8D81CA-8D7C-4799-A58B-58FC0BEC651C}"
EndProject
Project("{9A19103F-16F7-4668-BE54-9A1E7A4F7556}") = "MS-LIMA-Core", "MS-LIMA-Core\MS-LIMA-Core.csproj", "{7C4124E9-0A9D-4FFB-BB5D-4A7DD9CFD21C}"
EndProject
Project("{FAE04EC0-301F-11D3-BF4B-00C04F79EFBC}") = "CommonWindows", "CommonWindows\CommonWindows.csproj", "{691F7770-0EFB-4761-97DB-205F56C3E848}"
EndProject
Project("{FAE04EC0-301F-11D3-BF4B-00C04F79EFBC}") = "ChartDrawing", "ChartDrawing\ChartDrawing.csproj", "{6131640B-30E6-4606-A394-BE953590F3E9}"
EndProject
Project("{FAE04EC0-301F-11D3-BF4B-00C04F79EFBC}") = "CommonView", "CommonView\CommonView.csproj", "{E4626675-9F5A-4EBE-9433-6E46413262AB}"
EndProject
Global
	GlobalSection(SolutionConfigurationPlatforms) = preSolution
		Debug|Any CPU = Debug|Any CPU
		Debug|ARM = Debug|ARM
		Debug|iPhone = Debug|iPhone
		Debug|iPhoneSimulator = Debug|iPhoneSimulator
		Debug|x64 = Debug|x64
		Debug|x86 = Debug|x86
		Release|Any CPU = Release|Any CPU
		Release|ARM = Release|ARM
		Release|iPhone = Release|iPhone
		Release|iPhoneSimulator = Release|iPhoneSimulator
		Release|x64 = Release|x64
		Release|x86 = Release|x86
	EndGlobalSection
	GlobalSection(ProjectConfigurationPlatforms) = postSolution
		{D5CEF2D5-3B54-4EEB-BFE3-523F83FD32A6}.Debug|Any CPU.ActiveCfg = Debug|Any CPU
		{D5CEF2D5-3B54-4EEB-BFE3-523F83FD32A6}.Debug|Any CPU.Build.0 = Debug|Any CPU
		{D5CEF2D5-3B54-4EEB-BFE3-523F83FD32A6}.Debug|ARM.ActiveCfg = Debug|Any CPU
		{D5CEF2D5-3B54-4EEB-BFE3-523F83FD32A6}.Debug|ARM.Build.0 = Debug|Any CPU
		{D5CEF2D5-3B54-4EEB-BFE3-523F83FD32A6}.Debug|iPhone.ActiveCfg = Debug|Any CPU
		{D5CEF2D5-3B54-4EEB-BFE3-523F83FD32A6}.Debug|iPhone.Build.0 = Debug|Any CPU
		{D5CEF2D5-3B54-4EEB-BFE3-523F83FD32A6}.Debug|iPhoneSimulator.ActiveCfg = Debug|Any CPU
		{D5CEF2D5-3B54-4EEB-BFE3-523F83FD32A6}.Debug|iPhoneSimulator.Build.0 = Debug|Any CPU
		{D5CEF2D5-3B54-4EEB-BFE3-523F83FD32A6}.Debug|x64.ActiveCfg = Debug|Any CPU
		{D5CEF2D5-3B54-4EEB-BFE3-523F83FD32A6}.Debug|x64.Build.0 = Debug|Any CPU
		{D5CEF2D5-3B54-4EEB-BFE3-523F83FD32A6}.Debug|x86.ActiveCfg = Debug|Any CPU
		{D5CEF2D5-3B54-4EEB-BFE3-523F83FD32A6}.Debug|x86.Build.0 = Debug|Any CPU
		{D5CEF2D5-3B54-4EEB-BFE3-523F83FD32A6}.Release|Any CPU.ActiveCfg = Release|Any CPU
		{D5CEF2D5-3B54-4EEB-BFE3-523F83FD32A6}.Release|Any CPU.Build.0 = Release|Any CPU
		{D5CEF2D5-3B54-4EEB-BFE3-523F83FD32A6}.Release|ARM.ActiveCfg = Release|Any CPU
		{D5CEF2D5-3B54-4EEB-BFE3-523F83FD32A6}.Release|ARM.Build.0 = Release|Any CPU
		{D5CEF2D5-3B54-4EEB-BFE3-523F83FD32A6}.Release|iPhone.ActiveCfg = Release|Any CPU
		{D5CEF2D5-3B54-4EEB-BFE3-523F83FD32A6}.Release|iPhone.Build.0 = Release|Any CPU
		{D5CEF2D5-3B54-4EEB-BFE3-523F83FD32A6}.Release|iPhoneSimulator.ActiveCfg = Release|Any CPU
		{D5CEF2D5-3B54-4EEB-BFE3-523F83FD32A6}.Release|iPhoneSimulator.Build.0 = Release|Any CPU
		{D5CEF2D5-3B54-4EEB-BFE3-523F83FD32A6}.Release|x64.ActiveCfg = Release|Any CPU
		{D5CEF2D5-3B54-4EEB-BFE3-523F83FD32A6}.Release|x64.Build.0 = Release|Any CPU
		{D5CEF2D5-3B54-4EEB-BFE3-523F83FD32A6}.Release|x86.ActiveCfg = Release|Any CPU
		{D5CEF2D5-3B54-4EEB-BFE3-523F83FD32A6}.Release|x86.Build.0 = Release|Any CPU
		{6D8D81CA-8D7C-4799-A58B-58FC0BEC651C}.Debug|Any CPU.ActiveCfg = Debug|Any CPU
		{6D8D81CA-8D7C-4799-A58B-58FC0BEC651C}.Debug|Any CPU.Build.0 = Debug|Any CPU
		{6D8D81CA-8D7C-4799-A58B-58FC0BEC651C}.Debug|ARM.ActiveCfg = Debug|Any CPU
		{6D8D81CA-8D7C-4799-A58B-58FC0BEC651C}.Debug|ARM.Build.0 = Debug|Any CPU
		{6D8D81CA-8D7C-4799-A58B-58FC0BEC651C}.Debug|iPhone.ActiveCfg = Debug|Any CPU
		{6D8D81CA-8D7C-4799-A58B-58FC0BEC651C}.Debug|iPhone.Build.0 = Debug|Any CPU
		{6D8D81CA-8D7C-4799-A58B-58FC0BEC651C}.Debug|iPhoneSimulator.ActiveCfg = Debug|Any CPU
		{6D8D81CA-8D7C-4799-A58B-58FC0BEC651C}.Debug|iPhoneSimulator.Build.0 = Debug|Any CPU
		{6D8D81CA-8D7C-4799-A58B-58FC0BEC651C}.Debug|x64.ActiveCfg = Debug|Any CPU
		{6D8D81CA-8D7C-4799-A58B-58FC0BEC651C}.Debug|x64.Build.0 = Debug|Any CPU
		{6D8D81CA-8D7C-4799-A58B-58FC0BEC651C}.Debug|x86.ActiveCfg = Debug|Any CPU
		{6D8D81CA-8D7C-4799-A58B-58FC0BEC651C}.Debug|x86.Build.0 = Debug|Any CPU
		{6D8D81CA-8D7C-4799-A58B-58FC0BEC651C}.Release|Any CPU.ActiveCfg = Release|Any CPU
		{6D8D81CA-8D7C-4799-A58B-58FC0BEC651C}.Release|Any CPU.Build.0 = Release|Any CPU
		{6D8D81CA-8D7C-4799-A58B-58FC0BEC651C}.Release|ARM.ActiveCfg = Release|Any CPU
		{6D8D81CA-8D7C-4799-A58B-58FC0BEC651C}.Release|ARM.Build.0 = Release|Any CPU
		{6D8D81CA-8D7C-4799-A58B-58FC0BEC651C}.Release|iPhone.ActiveCfg = Release|Any CPU
		{6D8D81CA-8D7C-4799-A58B-58FC0BEC651C}.Release|iPhone.Build.0 = Release|Any CPU
		{6D8D81CA-8D7C-4799-A58B-58FC0BEC651C}.Release|iPhoneSimulator.ActiveCfg = Release|Any CPU
		{6D8D81CA-8D7C-4799-A58B-58FC0BEC651C}.Release|iPhoneSimulator.Build.0 = Release|Any CPU
		{6D8D81CA-8D7C-4799-A58B-58FC0BEC651C}.Release|x64.ActiveCfg = Release|Any CPU
		{6D8D81CA-8D7C-4799-A58B-58FC0BEC651C}.Release|x64.Build.0 = Release|Any CPU
		{6D8D81CA-8D7C-4799-A58B-58FC0BEC651C}.Release|x86.ActiveCfg = Release|Any CPU
		{6D8D81CA-8D7C-4799-A58B-58FC0BEC651C}.Release|x86.Build.0 = Release|Any CPU
		{7C4124E9-0A9D-4FFB-BB5D-4A7DD9CFD21C}.Debug|Any CPU.ActiveCfg = Debug|Any CPU
		{7C4124E9-0A9D-4FFB-BB5D-4A7DD9CFD21C}.Debug|Any CPU.Build.0 = Debug|Any CPU
		{7C4124E9-0A9D-4FFB-BB5D-4A7DD9CFD21C}.Debug|ARM.ActiveCfg = Debug|Any CPU
		{7C4124E9-0A9D-4FFB-BB5D-4A7DD9CFD21C}.Debug|ARM.Build.0 = Debug|Any CPU
		{7C4124E9-0A9D-4FFB-BB5D-4A7DD9CFD21C}.Debug|iPhone.ActiveCfg = Debug|Any CPU
		{7C4124E9-0A9D-4FFB-BB5D-4A7DD9CFD21C}.Debug|iPhone.Build.0 = Debug|Any CPU
		{7C4124E9-0A9D-4FFB-BB5D-4A7DD9CFD21C}.Debug|iPhoneSimulator.ActiveCfg = Debug|Any CPU
		{7C4124E9-0A9D-4FFB-BB5D-4A7DD9CFD21C}.Debug|iPhoneSimulator.Build.0 = Debug|Any CPU
		{7C4124E9-0A9D-4FFB-BB5D-4A7DD9CFD21C}.Debug|x64.ActiveCfg = Debug|Any CPU
		{7C4124E9-0A9D-4FFB-BB5D-4A7DD9CFD21C}.Debug|x64.Build.0 = Debug|Any CPU
		{7C4124E9-0A9D-4FFB-BB5D-4A7DD9CFD21C}.Debug|x86.ActiveCfg = Debug|Any CPU
		{7C4124E9-0A9D-4FFB-BB5D-4A7DD9CFD21C}.Debug|x86.Build.0 = Debug|Any CPU
		{7C4124E9-0A9D-4FFB-BB5D-4A7DD9CFD21C}.Release|Any CPU.ActiveCfg = Release|Any CPU
		{7C4124E9-0A9D-4FFB-BB5D-4A7DD9CFD21C}.Release|Any CPU.Build.0 = Release|Any CPU
		{7C4124E9-0A9D-4FFB-BB5D-4A7DD9CFD21C}.Release|ARM.ActiveCfg = Release|Any CPU
		{7C4124E9-0A9D-4FFB-BB5D-4A7DD9CFD21C}.Release|ARM.Build.0 = Release|Any CPU
		{7C4124E9-0A9D-4FFB-BB5D-4A7DD9CFD21C}.Release|iPhone.ActiveCfg = Release|Any CPU
		{7C4124E9-0A9D-4FFB-BB5D-4A7DD9CFD21C}.Release|iPhone.Build.0 = Release|Any CPU
		{7C4124E9-0A9D-4FFB-BB5D-4A7DD9CFD21C}.Release|iPhoneSimulator.ActiveCfg = Release|Any CPU
		{7C4124E9-0A9D-4FFB-BB5D-4A7DD9CFD21C}.Release|iPhoneSimulator.Build.0 = Release|Any CPU
		{7C4124E9-0A9D-4FFB-BB5D-4A7DD9CFD21C}.Release|x64.ActiveCfg = Release|Any CPU
		{7C4124E9-0A9D-4FFB-BB5D-4A7DD9CFD21C}.Release|x64.Build.0 = Release|Any CPU
		{7C4124E9-0A9D-4FFB-BB5D-4A7DD9CFD21C}.Release|x86.ActiveCfg = Release|Any CPU
		{7C4124E9-0A9D-4FFB-BB5D-4A7DD9CFD21C}.Release|x86.Build.0 = Release|Any CPU
		{691F7770-0EFB-4761-97DB-205F56C3E848}.Debug|Any CPU.ActiveCfg = Debug|Any CPU
		{691F7770-0EFB-4761-97DB-205F56C3E848}.Debug|Any CPU.Build.0 = Debug|Any CPU
		{691F7770-0EFB-4761-97DB-205F56C3E848}.Debug|ARM.ActiveCfg = Debug|Any CPU
		{691F7770-0EFB-4761-97DB-205F56C3E848}.Debug|ARM.Build.0 = Debug|Any CPU
		{691F7770-0EFB-4761-97DB-205F56C3E848}.Debug|iPhone.ActiveCfg = Debug|Any CPU
		{691F7770-0EFB-4761-97DB-205F56C3E848}.Debug|iPhone.Build.0 = Debug|Any CPU
		{691F7770-0EFB-4761-97DB-205F56C3E848}.Debug|iPhoneSimulator.ActiveCfg = Debug|Any CPU
		{691F7770-0EFB-4761-97DB-205F56C3E848}.Debug|iPhoneSimulator.Build.0 = Debug|Any CPU
		{691F7770-0EFB-4761-97DB-205F56C3E848}.Debug|x64.ActiveCfg = Debug|Any CPU
		{691F7770-0EFB-4761-97DB-205F56C3E848}.Debug|x64.Build.0 = Debug|Any CPU
		{691F7770-0EFB-4761-97DB-205F56C3E848}.Debug|x86.ActiveCfg = Debug|Any CPU
		{691F7770-0EFB-4761-97DB-205F56C3E848}.Debug|x86.Build.0 = Debug|Any CPU
		{691F7770-0EFB-4761-97DB-205F56C3E848}.Release|Any CPU.ActiveCfg = Release|Any CPU
		{691F7770-0EFB-4761-97DB-205F56C3E848}.Release|Any CPU.Build.0 = Release|Any CPU
		{691F7770-0EFB-4761-97DB-205F56C3E848}.Release|ARM.ActiveCfg = Release|Any CPU
		{691F7770-0EFB-4761-97DB-205F56C3E848}.Release|ARM.Build.0 = Release|Any CPU
		{691F7770-0EFB-4761-97DB-205F56C3E848}.Release|iPhone.ActiveCfg = Release|Any CPU
		{691F7770-0EFB-4761-97DB-205F56C3E848}.Release|iPhone.Build.0 = Release|Any CPU
		{691F7770-0EFB-4761-97DB-205F56C3E848}.Release|iPhoneSimulator.ActiveCfg = Release|Any CPU
		{691F7770-0EFB-4761-97DB-205F56C3E848}.Release|iPhoneSimulator.Build.0 = Release|Any CPU
		{691F7770-0EFB-4761-97DB-205F56C3E848}.Release|x64.ActiveCfg = Release|Any CPU
		{691F7770-0EFB-4761-97DB-205F56C3E848}.Release|x64.Build.0 = Release|Any CPU
		{691F7770-0EFB-4761-97DB-205F56C3E848}.Release|x86.ActiveCfg = Release|Any CPU
		{691F7770-0EFB-4761-97DB-205F56C3E848}.Release|x86.Build.0 = Release|Any CPU
		{6131640B-30E6-4606-A394-BE953590F3E9}.Debug|Any CPU.ActiveCfg = Debug|Any CPU
		{6131640B-30E6-4606-A394-BE953590F3E9}.Debug|Any CPU.Build.0 = Debug|Any CPU
		{6131640B-30E6-4606-A394-BE953590F3E9}.Debug|ARM.ActiveCfg = Debug|Any CPU
		{6131640B-30E6-4606-A394-BE953590F3E9}.Debug|ARM.Build.0 = Debug|Any CPU
		{6131640B-30E6-4606-A394-BE953590F3E9}.Debug|iPhone.ActiveCfg = Debug|Any CPU
		{6131640B-30E6-4606-A394-BE953590F3E9}.Debug|iPhone.Build.0 = Debug|Any CPU
		{6131640B-30E6-4606-A394-BE953590F3E9}.Debug|iPhoneSimulator.ActiveCfg = Debug|Any CPU
		{6131640B-30E6-4606-A394-BE953590F3E9}.Debug|iPhoneSimulator.Build.0 = Debug|Any CPU
		{6131640B-30E6-4606-A394-BE953590F3E9}.Debug|x64.ActiveCfg = Debug|Any CPU
		{6131640B-30E6-4606-A394-BE953590F3E9}.Debug|x64.Build.0 = Debug|Any CPU
		{6131640B-30E6-4606-A394-BE953590F3E9}.Debug|x86.ActiveCfg = Debug|Any CPU
		{6131640B-30E6-4606-A394-BE953590F3E9}.Debug|x86.Build.0 = Debug|Any CPU
		{6131640B-30E6-4606-A394-BE953590F3E9}.Release|Any CPU.ActiveCfg = Release|Any CPU
		{6131640B-30E6-4606-A394-BE953590F3E9}.Release|Any CPU.Build.0 = Release|Any CPU
		{6131640B-30E6-4606-A394-BE953590F3E9}.Release|ARM.ActiveCfg = Release|Any CPU
		{6131640B-30E6-4606-A394-BE953590F3E9}.Release|ARM.Build.0 = Release|Any CPU
		{6131640B-30E6-4606-A394-BE953590F3E9}.Release|iPhone.ActiveCfg = Release|Any CPU
		{6131640B-30E6-4606-A394-BE953590F3E9}.Release|iPhone.Build.0 = Release|Any CPU
		{6131640B-30E6-4606-A394-BE953590F3E9}.Release|iPhoneSimulator.ActiveCfg = Release|Any CPU
		{6131640B-30E6-4606-A394-BE953590F3E9}.Release|iPhoneSimulator.Build.0 = Release|Any CPU
		{6131640B-30E6-4606-A394-BE953590F3E9}.Release|x64.ActiveCfg = Release|Any CPU
		{6131640B-30E6-4606-A394-BE953590F3E9}.Release|x64.Build.0 = Release|Any CPU
		{6131640B-30E6-4606-A394-BE953590F3E9}.Release|x86.ActiveCfg = Release|Any CPU
		{6131640B-30E6-4606-A394-BE953590F3E9}.Release|x86.Build.0 = Release|Any CPU
		{E4626675-9F5A-4EBE-9433-6E46413262AB}.Debug|Any CPU.ActiveCfg = Debug|Any CPU
		{E4626675-9F5A-4EBE-9433-6E46413262AB}.Debug|Any CPU.Build.0 = Debug|Any CPU
		{E4626675-9F5A-4EBE-9433-6E46413262AB}.Debug|ARM.ActiveCfg = Debug|Any CPU
		{E4626675-9F5A-4EBE-9433-6E46413262AB}.Debug|ARM.Build.0 = Debug|Any CPU
		{E4626675-9F5A-4EBE-9433-6E46413262AB}.Debug|iPhone.ActiveCfg = Debug|Any CPU
		{E4626675-9F5A-4EBE-9433-6E46413262AB}.Debug|iPhone.Build.0 = Debug|Any CPU
		{E4626675-9F5A-4EBE-9433-6E46413262AB}.Debug|iPhoneSimulator.ActiveCfg = Debug|Any CPU
		{E4626675-9F5A-4EBE-9433-6E46413262AB}.Debug|iPhoneSimulator.Build.0 = Debug|Any CPU
		{E4626675-9F5A-4EBE-9433-6E46413262AB}.Debug|x64.ActiveCfg = Debug|Any CPU
		{E4626675-9F5A-4EBE-9433-6E46413262AB}.Debug|x64.Build.0 = Debug|Any CPU
		{E4626675-9F5A-4EBE-9433-6E46413262AB}.Debug|x86.ActiveCfg = Debug|Any CPU
		{E4626675-9F5A-4EBE-9433-6E46413262AB}.Debug|x86.Build.0 = Debug|Any CPU
		{E4626675-9F5A-4EBE-9433-6E46413262AB}.Release|Any CPU.ActiveCfg = Release|Any CPU
		{E4626675-9F5A-4EBE-9433-6E46413262AB}.Release|Any CPU.Build.0 = Release|Any CPU
		{E4626675-9F5A-4EBE-9433-6E46413262AB}.Release|ARM.ActiveCfg = Release|Any CPU
		{E4626675-9F5A-4EBE-9433-6E46413262AB}.Release|ARM.Build.0 = Release|Any CPU
		{E4626675-9F5A-4EBE-9433-6E46413262AB}.Release|iPhone.ActiveCfg = Release|Any CPU
		{E4626675-9F5A-4EBE-9433-6E46413262AB}.Release|iPhone.Build.0 = Release|Any CPU
		{E4626675-9F5A-4EBE-9433-6E46413262AB}.Release|iPhoneSimulator.ActiveCfg = Release|Any CPU
		{E4626675-9F5A-4EBE-9433-6E46413262AB}.Release|iPhoneSimulator.Build.0 = Release|Any CPU
		{E4626675-9F5A-4EBE-9433-6E46413262AB}.Release|x64.ActiveCfg = Release|Any CPU
		{E4626675-9F5A-4EBE-9433-6E46413262AB}.Release|x64.Build.0 = Release|Any CPU
		{E4626675-9F5A-4EBE-9433-6E46413262AB}.Release|x86.ActiveCfg = Release|Any CPU
		{E4626675-9F5A-4EBE-9433-6E46413262AB}.Release|x86.Build.0 = Release|Any CPU
	EndGlobalSection
	GlobalSection(SolutionProperties) = preSolution
		HideSolutionNode = FALSE
	EndGlobalSection
	GlobalSection(ExtensibilityGlobals) = postSolution
		SolutionGuid = {B11620AC-D522-4FC1-9C29-C920D3A0D2E6}
	EndGlobalSection
EndGlobal
